
Microsoft Visual Studio Solution File, Format Version 12.00
# Visual Studio Version 17
VisualStudioVersion = 17.2.32616.157
MinimumVisualStudioVersion = 10.0.40219.1
Project("{FAE04EC0-301F-11D3-BF4B-00C04F79EFBC}") = "TheFall", "TheFall.csproj", "{D2433E72-883A-491C-9309-1341ED814B6B}"
EndProject
Global
	GlobalSection(SolutionConfigurationPlatforms) = preSolution
		Debug|Any CPU = Debug|Any CPU
		Release|Any CPU = Release|Any CPU
	EndGlobalSection
	GlobalSection(ProjectConfigurationPlatforms) = postSolution
		{D2433E72-883A-491C-9309-1341ED814B6B}.Debug|Any CPU.ActiveCfg = Debug|Any CPU
		{D2433E72-883A-491C-9309-1341ED814B6B}.Debug|Any CPU.Build.0 = Debug|Any CPU
		{D2433E72-883A-491C-9309-1341ED814B6B}.Release|Any CPU.ActiveCfg = Release|Any CPU
		{D2433E72-883A-491C-9309-1341ED814B6B}.Release|Any CPU.Build.0 = Release|Any CPU
	EndGlobalSection
	GlobalSection(SolutionProperties) = preSolution
		HideSolutionNode = FALSE
	EndGlobalSection
	GlobalSection(ExtensibilityGlobals) = postSolution
		SolutionGuid = {EDF80B07-A406-4A60-9B5D-475E6F5F9834}
	EndGlobalSection
EndGlobal
